// !$*UTF8*$!
{
	archiveVersion = 1;
	classes = {
	};
	objectVersion = 46;
	objects = {

/* Begin PBXBuildFile section */
		C400862A192C31330063B6E9 /* Foundation.framework in Frameworks */ = {isa = PBXBuildFile; fileRef = C4008629192C31330063B6E9 /* Foundation.framework */; };
		C400862C192C31330063B6E9 /* CoreGraphics.framework in Frameworks */ = {isa = PBXBuildFile; fileRef = C400862B192C31330063B6E9 /* CoreGraphics.framework */; };
		C400862E192C31330063B6E9 /* UIKit.framework in Frameworks */ = {isa = PBXBuildFile; fileRef = C400862D192C31330063B6E9 /* UIKit.framework */; };
		C4008634192C31330063B6E9 /* InfoPlist.strings in Resources */ = {isa = PBXBuildFile; fileRef = C4008632192C31330063B6E9 /* InfoPlist.strings */; };
		C4008636192C31330063B6E9 /* main.m in Sources */ = {isa = PBXBuildFile; fileRef = C4008635192C31330063B6E9 /* main.m */; };
		C400863A192C31330063B6E9 /* AppDelegate.m in Sources */ = {isa = PBXBuildFile; fileRef = C4008639192C31330063B6E9 /* AppDelegate.m */; };
		C400863D192C31330063B6E9 /* Main_iPhone.storyboard in Resources */ = {isa = PBXBuildFile; fileRef = C400863B192C31330063B6E9 /* Main_iPhone.storyboard */; };
		C4008640192C31330063B6E9 /* Main_iPad.storyboard in Resources */ = {isa = PBXBuildFile; fileRef = C400863E192C31330063B6E9 /* Main_iPad.storyboard */; };
		C4008643192C31330063B6E9 /* ViewController.m in Sources */ = {isa = PBXBuildFile; fileRef = C4008642192C31330063B6E9 /* ViewController.m */; };
		C4008645192C31330063B6E9 /* Images.xcassets in Resources */ = {isa = PBXBuildFile; fileRef = C4008644192C31330063B6E9 /* Images.xcassets */; };
		C400864C192C31330063B6E9 /* XCTest.framework in Frameworks */ = {isa = PBXBuildFile; fileRef = C400864B192C31330063B6E9 /* XCTest.framework */; };
		C400864D192C31330063B6E9 /* Foundation.framework in Frameworks */ = {isa = PBXBuildFile; fileRef = C4008629192C31330063B6E9 /* Foundation.framework */; };
		C400864E192C31330063B6E9 /* UIKit.framework in Frameworks */ = {isa = PBXBuildFile; fileRef = C400862D192C31330063B6E9 /* UIKit.framework */; };
		C4008656192C31330063B6E9 /* InfoPlist.strings in Resources */ = {isa = PBXBuildFile; fileRef = C4008654192C31330063B6E9 /* InfoPlist.strings */; };
		C4008658192C31330063B6E9 /* captureAppTests.m in Sources */ = {isa = PBXBuildFile; fileRef = C4008657192C31330063B6E9 /* captureAppTests.m */; };
		C4057656194B6D63001FF4DD /* QuartzCore.framework in Frameworks */ = {isa = PBXBuildFile; fileRef = C4057655194B6D63001FF4DD /* QuartzCore.framework */; };
		C4082106192D210200F55710 /* PictureViewController.m in Sources */ = {isa = PBXBuildFile; fileRef = C4082105192D210200F55710 /* PictureViewController.m */; };
		C4082109192D211A00F55710 /* VideoViewController.m in Sources */ = {isa = PBXBuildFile; fileRef = C4082108192D211A00F55710 /* VideoViewController.m */; };
		C410F2551953B9C80066CCD9 /* purpleBackground.png in Resources */ = {isa = PBXBuildFile; fileRef = C410F2541953B9C80066CCD9 /* purpleBackground.png */; };
		C410F2581953BAE10066CCD9 /* clapperboard.png in Resources */ = {isa = PBXBuildFile; fileRef = C410F2561953BAE10066CCD9 /* clapperboard.png */; };
		C410F2591953BAE10066CCD9 /* whiteClose.png in Resources */ = {isa = PBXBuildFile; fileRef = C410F2571953BAE10066CCD9 /* whiteClose.png */; };
		C44E68051932E1BA0085EF5A /* album.png in Resources */ = {isa = PBXBuildFile; fileRef = C44E68011932E1BA0085EF5A /* album.png */; };
		C44E68061932E1BA0085EF5A /* camera.png in Resources */ = {isa = PBXBuildFile; fileRef = C44E68021932E1BA0085EF5A /* camera.png */; };
		C44E68081932E1BA0085EF5A /* video.png in Resources */ = {isa = PBXBuildFile; fileRef = C44E68041932E1BA0085EF5A /* video.png */; };
/* End PBXBuildFile section */

/* Begin PBXContainerItemProxy section */
		C400864F192C31330063B6E9 /* PBXContainerItemProxy */ = {
			isa = PBXContainerItemProxy;
			containerPortal = C400861E192C31320063B6E9 /* Project object */;
			proxyType = 1;
			remoteGlobalIDString = C4008625192C31320063B6E9;
			remoteInfo = captureApp;
		};
/* End PBXContainerItemProxy section */

/* Begin PBXFileReference section */
		C4008626192C31330063B6E9 /* captureApp.app */ = {isa = PBXFileReference; explicitFileType = wrapper.application; includeInIndex = 0; path = captureApp.app; sourceTree = BUILT_PRODUCTS_DIR; };
		C4008629192C31330063B6E9 /* Foundation.framework */ = {isa = PBXFileReference; lastKnownFileType = wrapper.framework; name = Foundation.framework; path = System/Library/Frameworks/Foundation.framework; sourceTree = SDKROOT; };
		C400862B192C31330063B6E9 /* CoreGraphics.framework */ = {isa = PBXFileReference; lastKnownFileType = wrapper.framework; name = CoreGraphics.framework; path = System/Library/Frameworks/CoreGraphics.framework; sourceTree = SDKROOT; };
		C400862D192C31330063B6E9 /* UIKit.framework */ = {isa = PBXFileReference; lastKnownFileType = wrapper.framework; name = UIKit.framework; path = System/Library/Frameworks/UIKit.framework; sourceTree = SDKROOT; };
		C4008631192C31330063B6E9 /* captureApp-Info.plist */ = {isa = PBXFileReference; lastKnownFileType = text.plist.xml; path = "captureApp-Info.plist"; sourceTree = "<group>"; };
		C4008633192C31330063B6E9 /* en */ = {isa = PBXFileReference; lastKnownFileType = text.plist.strings; name = en; path = en.lproj/InfoPlist.strings; sourceTree = "<group>"; };
		C4008635192C31330063B6E9 /* main.m */ = {isa = PBXFileReference; lastKnownFileType = sourcecode.c.objc; path = main.m; sourceTree = "<group>"; };
		C4008637192C31330063B6E9 /* captureApp-Prefix.pch */ = {isa = PBXFileReference; lastKnownFileType = sourcecode.c.h; path = "captureApp-Prefix.pch"; sourceTree = "<group>"; };
		C4008638192C31330063B6E9 /* AppDelegate.h */ = {isa = PBXFileReference; lastKnownFileType = sourcecode.c.h; path = AppDelegate.h; sourceTree = "<group>"; };
		C4008639192C31330063B6E9 /* AppDelegate.m */ = {isa = PBXFileReference; lastKnownFileType = sourcecode.c.objc; path = AppDelegate.m; sourceTree = "<group>"; };
		C400863C192C31330063B6E9 /* Base */ = {isa = PBXFileReference; lastKnownFileType = file.storyboard; name = Base; path = Base.lproj/Main_iPhone.storyboard; sourceTree = "<group>"; };
		C400863F192C31330063B6E9 /* Base */ = {isa = PBXFileReference; lastKnownFileType = file.storyboard; name = Base; path = Base.lproj/Main_iPad.storyboard; sourceTree = "<group>"; };
		C4008641192C31330063B6E9 /* ViewController.h */ = {isa = PBXFileReference; lastKnownFileType = sourcecode.c.h; path = ViewController.h; sourceTree = "<group>"; };
		C4008642192C31330063B6E9 /* ViewController.m */ = {isa = PBXFileReference; lastKnownFileType = sourcecode.c.objc; path = ViewController.m; sourceTree = "<group>"; };
		C4008644192C31330063B6E9 /* Images.xcassets */ = {isa = PBXFileReference; lastKnownFileType = folder.assetcatalog; path = Images.xcassets; sourceTree = "<group>"; };
		C400864A192C31330063B6E9 /* captureAppTests.xctest */ = {isa = PBXFileReference; explicitFileType = wrapper.cfbundle; includeInIndex = 0; path = captureAppTests.xctest; sourceTree = BUILT_PRODUCTS_DIR; };
		C400864B192C31330063B6E9 /* XCTest.framework */ = {isa = PBXFileReference; lastKnownFileType = wrapper.framework; name = XCTest.framework; path = Library/Frameworks/XCTest.framework; sourceTree = DEVELOPER_DIR; };
		C4008653192C31330063B6E9 /* captureAppTests-Info.plist */ = {isa = PBXFileReference; lastKnownFileType = text.plist.xml; path = "captureAppTests-Info.plist"; sourceTree = "<group>"; };
		C4008655192C31330063B6E9 /* en */ = {isa = PBXFileReference; lastKnownFileType = text.plist.strings; name = en; path = en.lproj/InfoPlist.strings; sourceTree = "<group>"; };
		C4008657192C31330063B6E9 /* captureAppTests.m */ = {isa = PBXFileReference; lastKnownFileType = sourcecode.c.objc; path = captureAppTests.m; sourceTree = "<group>"; };
		C4057655194B6D63001FF4DD /* QuartzCore.framework */ = {isa = PBXFileReference; lastKnownFileType = wrapper.framework; name = QuartzCore.framework; path = System/Library/Frameworks/QuartzCore.framework; sourceTree = SDKROOT; };
		C4082104192D210200F55710 /* PictureViewController.h */ = {isa = PBXFileReference; fileEncoding = 4; lastKnownFileType = sourcecode.c.h; path = PictureViewController.h; sourceTree = "<group>"; };
		C4082105192D210200F55710 /* PictureViewController.m */ = {isa = PBXFileReference; fileEncoding = 4; lastKnownFileType = sourcecode.c.objc; path = PictureViewController.m; sourceTree = "<group>"; };
		C4082107192D211A00F55710 /* VideoViewController.h */ = {isa = PBXFileReference; fileEncoding = 4; lastKnownFileType = sourcecode.c.h; path = VideoViewController.h; sourceTree = "<group>"; };
		C4082108192D211A00F55710 /* VideoViewController.m */ = {isa = PBXFileReference; fileEncoding = 4; lastKnownFileType = sourcecode.c.objc; path = VideoViewController.m; sourceTree = "<group>"; };
		C410F2541953B9C80066CCD9 /* purpleBackground.png */ = {isa = PBXFileReference; lastKnownFileType = image.png; path = purpleBackground.png; sourceTree = "<group>"; };
		C410F2561953BAE10066CCD9 /* clapperboard.png */ = {isa = PBXFileReference; lastKnownFileType = image.png; path = clapperboard.png; sourceTree = "<group>"; };
		C410F2571953BAE10066CCD9 /* whiteClose.png */ = {isa = PBXFileReference; lastKnownFileType = image.png; path = whiteClose.png; sourceTree = "<group>"; };
		C44E68011932E1BA0085EF5A /* album.png */ = {isa = PBXFileReference; lastKnownFileType = image.png; path = album.png; sourceTree = "<group>"; };
		C44E68021932E1BA0085EF5A /* camera.png */ = {isa = PBXFileReference; lastKnownFileType = image.png; path = camera.png; sourceTree = "<group>"; };
		C44E68041932E1BA0085EF5A /* video.png */ = {isa = PBXFileReference; lastKnownFileType = image.png; path = video.png; sourceTree = "<group>"; };
/* End PBXFileReference section */

/* Begin PBXFrameworksBuildPhase section */
		C4008623192C31320063B6E9 /* Frameworks */ = {
			isa = PBXFrameworksBuildPhase;
			buildActionMask = 2147483647;
			files = (
				C4057656194B6D63001FF4DD /* QuartzCore.framework in Frameworks */,
				C400862C192C31330063B6E9 /* CoreGraphics.framework in Frameworks */,
				C400862E192C31330063B6E9 /* UIKit.framework in Frameworks */,
				C400862A192C31330063B6E9 /* Foundation.framework in Frameworks */,
			);
			runOnlyForDeploymentPostprocessing = 0;
		};
		C4008647192C31330063B6E9 /* Frameworks */ = {
			isa = PBXFrameworksBuildPhase;
			buildActionMask = 2147483647;
			files = (
				C400864C192C31330063B6E9 /* XCTest.framework in Frameworks */,
				C400864E192C31330063B6E9 /* UIKit.framework in Frameworks */,
				C400864D192C31330063B6E9 /* Foundation.framework in Frameworks */,
			);
			runOnlyForDeploymentPostprocessing = 0;
		};
/* End PBXFrameworksBuildPhase section */

/* Begin PBXGroup section */
		C400861D192C31320063B6E9 = {
			isa = PBXGroup;
			children = (
				C400862F192C31330063B6E9 /* captureApp */,
				C4008651192C31330063B6E9 /* captureAppTests */,
				C4008628192C31330063B6E9 /* Frameworks */,
				C4008627192C31330063B6E9 /* Products */,
			);
			sourceTree = "<group>";
		};
		C4008627192C31330063B6E9 /* Products */ = {
			isa = PBXGroup;
			children = (
				C4008626192C31330063B6E9 /* captureApp.app */,
				C400864A192C31330063B6E9 /* captureAppTests.xctest */,
			);
			name = Products;
			sourceTree = "<group>";
		};
		C4008628192C31330063B6E9 /* Frameworks */ = {
			isa = PBXGroup;
			children = (
				C4057655194B6D63001FF4DD /* QuartzCore.framework */,
				C4008629192C31330063B6E9 /* Foundation.framework */,
				C400862B192C31330063B6E9 /* CoreGraphics.framework */,
				C400862D192C31330063B6E9 /* UIKit.framework */,
				C400864B192C31330063B6E9 /* XCTest.framework */,
			);
			name = Frameworks;
			sourceTree = "<group>";
		};
		C400862F192C31330063B6E9 /* captureApp */ = {
			isa = PBXGroup;
			children = (
				C410F2561953BAE10066CCD9 /* clapperboard.png */,
				C410F2571953BAE10066CCD9 /* whiteClose.png */,
				C410F2541953B9C80066CCD9 /* purpleBackground.png */,
				C44E68041932E1BA0085EF5A /* video.png */,
				C44E68021932E1BA0085EF5A /* camera.png */,
				C44E68011932E1BA0085EF5A /* album.png */,
				C4008641192C31330063B6E9 /* ViewController.h */,
				C4008642192C31330063B6E9 /* ViewController.m */,
				C4082104192D210200F55710 /* PictureViewController.h */,
				C4082105192D210200F55710 /* PictureViewController.m */,
				C4082107192D211A00F55710 /* VideoViewController.h */,
				C4082108192D211A00F55710 /* VideoViewController.m */,
				C4008638192C31330063B6E9 /* AppDelegate.h */,
				C4008639192C31330063B6E9 /* AppDelegate.m */,
				C400863B192C31330063B6E9 /* Main_iPhone.storyboard */,
				C400863E192C31330063B6E9 /* Main_iPad.storyboard */,
				C4008644192C31330063B6E9 /* Images.xcassets */,
				C4008630192C31330063B6E9 /* Supporting Files */,
			);
			path = captureApp;
			sourceTree = "<group>";
		};
		C4008630192C31330063B6E9 /* Supporting Files */ = {
			isa = PBXGroup;
			children = (
				C4008631192C31330063B6E9 /* captureApp-Info.plist */,
				C4008632192C31330063B6E9 /* InfoPlist.strings */,
				C4008635192C31330063B6E9 /* main.m */,
				C4008637192C31330063B6E9 /* captureApp-Prefix.pch */,
			);
			name = "Supporting Files";
			sourceTree = "<group>";
		};
		C4008651192C31330063B6E9 /* captureAppTests */ = {
			isa = PBXGroup;
			children = (
				C4008657192C31330063B6E9 /* captureAppTests.m */,
				C4008652192C31330063B6E9 /* Supporting Files */,
			);
			path = captureAppTests;
			sourceTree = "<group>";
		};
		C4008652192C31330063B6E9 /* Supporting Files */ = {
			isa = PBXGroup;
			children = (
				C4008653192C31330063B6E9 /* captureAppTests-Info.plist */,
				C4008654192C31330063B6E9 /* InfoPlist.strings */,
			);
			name = "Supporting Files";
			sourceTree = "<group>";
		};
/* End PBXGroup section */

/* Begin PBXNativeTarget section */
		C4008625192C31320063B6E9 /* captureApp */ = {
			isa = PBXNativeTarget;
			buildConfigurationList = C400865B192C31330063B6E9 /* Build configuration list for PBXNativeTarget "captureApp" */;
			buildPhases = (
				C4008622192C31320063B6E9 /* Sources */,
				C4008623192C31320063B6E9 /* Frameworks */,
				C4008624192C31320063B6E9 /* Resources */,
			);
			buildRules = (
			);
			dependencies = (
			);
			name = captureApp;
			productName = captureApp;
			productReference = C4008626192C31330063B6E9 /* captureApp.app */;
			productType = "com.apple.product-type.application";
		};
		C4008649192C31330063B6E9 /* captureAppTests */ = {
			isa = PBXNativeTarget;
			buildConfigurationList = C400865E192C31330063B6E9 /* Build configuration list for PBXNativeTarget "captureAppTests" */;
			buildPhases = (
				C4008646192C31330063B6E9 /* Sources */,
				C4008647192C31330063B6E9 /* Frameworks */,
				C4008648192C31330063B6E9 /* Resources */,
			);
			buildRules = (
			);
			dependencies = (
				C4008650192C31330063B6E9 /* PBXTargetDependency */,
			);
			name = captureAppTests;
			productName = captureAppTests;
			productReference = C400864A192C31330063B6E9 /* captureAppTests.xctest */;
			productType = "com.apple.product-type.bundle.unit-test";
		};
/* End PBXNativeTarget section */

/* Begin PBXProject section */
		C400861E192C31320063B6E9 /* Project object */ = {
			isa = PBXProject;
			attributes = {
				LastUpgradeCheck = 0510;
				ORGANIZATIONNAME = "Howard Livingston";
				TargetAttributes = {
					C4008649192C31330063B6E9 = {
						TestTargetID = C4008625192C31320063B6E9;
					};
				};
			};
			buildConfigurationList = C4008621192C31320063B6E9 /* Build configuration list for PBXProject "captureApp" */;
			compatibilityVersion = "Xcode 3.2";
			developmentRegion = English;
			hasScannedForEncodings = 0;
			knownRegions = (
				en,
				Base,
			);
			mainGroup = C400861D192C31320063B6E9;
			productRefGroup = C4008627192C31330063B6E9 /* Products */;
			projectDirPath = "";
			projectRoot = "";
			targets = (
				C4008625192C31320063B6E9 /* captureApp */,
				C4008649192C31330063B6E9 /* captureAppTests */,
			);
		};
/* End PBXProject section */

/* Begin PBXResourcesBuildPhase section */
		C4008624192C31320063B6E9 /* Resources */ = {
			isa = PBXResourcesBuildPhase;
			buildActionMask = 2147483647;
			files = (
				C410F2591953BAE10066CCD9 /* whiteClose.png in Resources */,
				C410F2551953B9C80066CCD9 /* purpleBackground.png in Resources */,
				C4008640192C31330063B6E9 /* Main_iPad.storyboard in Resources */,
				C4008645192C31330063B6E9 /* Images.xcassets in Resources */,
				C44E68051932E1BA0085EF5A /* album.png in Resources */,
				C400863D192C31330063B6E9 /* Main_iPhone.storyboard in Resources */,
				C410F2581953BAE10066CCD9 /* clapperboard.png in Resources */,
				C44E68061932E1BA0085EF5A /* camera.png in Resources */,
				C44E68081932E1BA0085EF5A /* video.png in Resources */,
				C4008634192C31330063B6E9 /* InfoPlist.strings in Resources */,
			);
			runOnlyForDeploymentPostprocessing = 0;
		};
		C4008648192C31330063B6E9 /* Resources */ = {
			isa = PBXResourcesBuildPhase;
			buildActionMask = 2147483647;
			files = (
				C4008656192C31330063B6E9 /* InfoPlist.strings in Resources */,
			);
			runOnlyForDeploymentPostprocessing = 0;
		};
/* End PBXResourcesBuildPhase section */

/* Begin PBXSourcesBuildPhase section */
		C4008622192C31320063B6E9 /* Sources */ = {
			isa = PBXSourcesBuildPhase;
			buildActionMask = 2147483647;
			files = (
				C4082106192D210200F55710 /* PictureViewController.m in Sources */,
				C4082109192D211A00F55710 /* VideoViewController.m in Sources */,
				C4008643192C31330063B6E9 /* ViewController.m in Sources */,
				C400863A192C31330063B6E9 /* AppDelegate.m in Sources */,
				C4008636192C31330063B6E9 /* main.m in Sources */,
			);
			runOnlyForDeploymentPostprocessing = 0;
		};
		C4008646192C31330063B6E9 /* Sources */ = {
			isa = PBXSourcesBuildPhase;
			buildActionMask = 2147483647;
			files = (
				C4008658192C31330063B6E9 /* captureAppTests.m in Sources */,
			);
			runOnlyForDeploymentPostprocessing = 0;
		};
/* End PBXSourcesBuildPhase section */

/* Begin PBXTargetDependency section */
		C4008650192C31330063B6E9 /* PBXTargetDependency */ = {
			isa = PBXTargetDependency;
			target = C4008625192C31320063B6E9 /* captureApp */;
			targetProxy = C400864F192C31330063B6E9 /* PBXContainerItemProxy */;
		};
/* End PBXTargetDependency section */

/* Begin PBXVariantGroup section */
		C4008632192C31330063B6E9 /* InfoPlist.strings */ = {
			isa = PBXVariantGroup;
			children = (
				C4008633192C31330063B6E9 /* en */,
			);
			name = InfoPlist.strings;
			sourceTree = "<group>";
		};
		C400863B192C31330063B6E9 /* Main_iPhone.storyboard */ = {
			isa = PBXVariantGroup;
			children = (
				C400863C192C31330063B6E9 /* Base */,
			);
			name = Main_iPhone.storyboard;
			sourceTree = "<group>";
		};
		C400863E192C31330063B6E9 /* Main_iPad.storyboard */ = {
			isa = PBXVariantGroup;
			children = (
				C400863F192C31330063B6E9 /* Base */,
			);
			name = Main_iPad.storyboard;
			sourceTree = "<group>";
		};
		C4008654192C31330063B6E9 /* InfoPlist.strings */ = {
			isa = PBXVariantGroup;
			children = (
				C4008655192C31330063B6E9 /* en */,
			);
			name = InfoPlist.strings;
			sourceTree = "<group>";
		};
/* End PBXVariantGroup section */

/* Begin XCBuildConfiguration section */
		C4008659192C31330063B6E9 /* Debug */ = {
			isa = XCBuildConfiguration;
			buildSettings = {
				ALWAYS_SEARCH_USER_PATHS = NO;
				CLANG_CXX_LANGUAGE_STANDARD = "gnu++0x";
				CLANG_CXX_LIBRARY = "libc++";
				CLANG_ENABLE_MODULES = YES;
				CLANG_ENABLE_OBJC_ARC = YES;
				CLANG_WARN_BOOL_CONVERSION = YES;
				CLANG_WARN_CONSTANT_CONVERSION = YES;
				CLANG_WARN_DIRECT_OBJC_ISA_USAGE = YES_ERROR;
				CLANG_WARN_EMPTY_BODY = YES;
				CLANG_WARN_ENUM_CONVERSION = YES;
				CLANG_WARN_INT_CONVERSION = YES;
				CLANG_WARN_OBJC_ROOT_CLASS = YES_ERROR;
				CLANG_WARN__DUPLICATE_METHOD_MATCH = YES;
				CODE_SIGN_IDENTITY = "iPhone Developer: Jennifer McCarrick (5TMP78RMGA)";
				"CODE_SIGN_IDENTITY[sdk=iphoneos*]" = "iPhone Developer: Jennifer McCarrick (5TMP78RMGA)";
				COPY_PHASE_STRIP = NO;
				GCC_C_LANGUAGE_STANDARD = gnu99;
				GCC_DYNAMIC_NO_PIC = NO;
				GCC_OPTIMIZATION_LEVEL = 0;
				GCC_PREPROCESSOR_DEFINITIONS = (
					"DEBUG=1",
					"$(inherited)",
				);
				GCC_SYMBOLS_PRIVATE_EXTERN = NO;
				GCC_WARN_64_TO_32_BIT_CONVERSION = YES;
				GCC_WARN_ABOUT_RETURN_TYPE = YES_ERROR;
				GCC_WARN_UNDECLARED_SELECTOR = YES;
				GCC_WARN_UNINITIALIZED_AUTOS = YES_AGGRESSIVE;
				GCC_WARN_UNUSED_FUNCTION = YES;
				GCC_WARN_UNUSED_VARIABLE = YES;
				IPHONEOS_DEPLOYMENT_TARGET = 7.1;
				ONLY_ACTIVE_ARCH = YES;
				PROVISIONING_PROFILE = "";
				SDKROOT = iphoneos;
				TARGETED_DEVICE_FAMILY = "1,2";
			};
			name = Debug;
		};
		C400865A192C31330063B6E9 /* Release */ = {
			isa = XCBuildConfiguration;
			buildSettings = {
				ALWAYS_SEARCH_USER_PATHS = NO;
				CLANG_CXX_LANGUAGE_STANDARD = "gnu++0x";
				CLANG_CXX_LIBRARY = "libc++";
				CLANG_ENABLE_MODULES = YES;
				CLANG_ENABLE_OBJC_ARC = YES;
				CLANG_WARN_BOOL_CONVERSION = YES;
				CLANG_WARN_CONSTANT_CONVERSION = YES;
				CLANG_WARN_DIRECT_OBJC_ISA_USAGE = YES_ERROR;
				CLANG_WARN_EMPTY_BODY = YES;
				CLANG_WARN_ENUM_CONVERSION = YES;
				CLANG_WARN_INT_CONVERSION = YES;
				CLANG_WARN_OBJC_ROOT_CLASS = YES_ERROR;
				CLANG_WARN__DUPLICATE_METHOD_MATCH = YES;
				CODE_SIGN_IDENTITY = "iPhone Developer: Jennifer McCarrick (5TMP78RMGA)";
				"CODE_SIGN_IDENTITY[sdk=iphoneos*]" = "iPhone Developer: Jennifer McCarrick (5TMP78RMGA)";
				COPY_PHASE_STRIP = YES;
				ENABLE_NS_ASSERTIONS = NO;
				GCC_C_LANGUAGE_STANDARD = gnu99;
				GCC_WARN_64_TO_32_BIT_CONVERSION = YES;
				GCC_WARN_ABOUT_RETURN_TYPE = YES_ERROR;
				GCC_WARN_UNDECLARED_SELECTOR = YES;
				GCC_WARN_UNINITIALIZED_AUTOS = YES_AGGRESSIVE;
				GCC_WARN_UNUSED_FUNCTION = YES;
				GCC_WARN_UNUSED_VARIABLE = YES;
				IPHONEOS_DEPLOYMENT_TARGET = 7.1;
				PROVISIONING_PROFILE = "";
				SDKROOT = iphoneos;
				TARGETED_DEVICE_FAMILY = "1,2";
				VALIDATE_PRODUCT = YES;
			};
			name = Release;
		};
		C400865C192C31330063B6E9 /* Debug */ = {
			isa = XCBuildConfiguration;
			buildSettings = {
				ASSETCATALOG_COMPILER_APPICON_NAME = AppIcon;
				ASSETCATALOG_COMPILER_LAUNCHIMAGE_NAME = LaunchImage;
				GCC_PRECOMPILE_PREFIX_HEADER = YES;
				GCC_PREFIX_HEADER = "captureApp/captureApp-Prefix.pch";
				GENERATE_PROFILING_CODE = NO;
				INFOPLIST_FILE = "captureApp/captureApp-Info.plist";
				PRODUCT_NAME = "$(TARGET_NAME)";
				PROVISIONING_PROFILE = "C8C7259F-121A-466D-BAF5-EED1C5D74DB3";
				TARGETED_DEVICE_FAMILY = 1;
				WRAPPER_EXTENSION = app;
			};
			name = Debug;
		};
		C400865D192C31330063B6E9 /* Release */ = {
			isa = XCBuildConfiguration;
			buildSettings = {
				ASSETCATALOG_COMPILER_APPICON_NAME = AppIcon;
				ASSETCATALOG_COMPILER_LAUNCHIMAGE_NAME = LaunchImage;
				GCC_PRECOMPILE_PREFIX_HEADER = YES;
				GCC_PREFIX_HEADER = "captureApp/captureApp-Prefix.pch";
				GENERATE_PROFILING_CODE = NO;
				INFOPLIST_FILE = "captureApp/captureApp-Info.plist";
				PRODUCT_NAME = "$(TARGET_NAME)";
				PROVISIONING_PROFILE = "C8C7259F-121A-466D-BAF5-EED1C5D74DB3";
				TARGETED_DEVICE_FAMILY = 1;
				WRAPPER_EXTENSION = app;
			};
			name = Release;
		};
		C400865F192C31330063B6E9 /* Debug */ = {
			isa = XCBuildConfiguration;
			buildSettings = {
				BUNDLE_LOADER = "$(BUILT_PRODUCTS_DIR)/captureApp.app/captureApp";
				FRAMEWORK_SEARCH_PATHS = (
					"$(SDKROOT)/Developer/Library/Frameworks",
					"$(inherited)",
					"$(DEVELOPER_FRAMEWORKS_DIR)",
				);
				GCC_PRECOMPILE_PREFIX_HEADER = YES;
				GCC_PREFIX_HEADER = "captureApp/captureApp-Prefix.pch";
				GCC_PREPROCESSOR_DEFINITIONS = (
					"DEBUG=1",
					"$(inherited)",
				);
				INFOPLIST_FILE = "captureAppTests/captureAppTests-Info.plist";
				PRODUCT_NAME = "$(TARGET_NAME)";
				TEST_HOST = "$(BUNDLE_LOADER)";
				WRAPPER_EXTENSION = xctest;
			};
			name = Debug;
		};
		C4008660192C31330063B6E9 /* Release */ = {
			isa = XCBuildConfiguration;
			buildSettings = {
				BUNDLE_LOADER = "$(BUILT_PRODUCTS_DIR)/captureApp.app/captureApp";
				FRAMEWORK_SEARCH_PATHS = (
					"$(SDKROOT)/Developer/Library/Frameworks",
					"$(inherited)",
					"$(DEVELOPER_FRAMEWORKS_DIR)",
				);
				GCC_PRECOMPILE_PREFIX_HEADER = YES;
				GCC_PREFIX_HEADER = "captureApp/captureApp-Prefix.pch";
				INFOPLIST_FILE = "captureAppTests/captureAppTests-Info.plist";
				PRODUCT_NAME = "$(TARGET_NAME)";
				TEST_HOST = "$(BUNDLE_LOADER)";
				WRAPPER_EXTENSION = xctest;
			};
			name = Release;
		};
/* End XCBuildConfiguration section */

/* Begin XCConfigurationList section */
		C4008621192C31320063B6E9 /* Build configuration list for PBXProject "captureApp" */ = {
			isa = XCConfigurationList;
			buildConfigurations = (
				C4008659192C31330063B6E9 /* Debug */,
				C400865A192C31330063B6E9 /* Release */,
			);
			defaultConfigurationIsVisible = 0;
			defaultConfigurationName = Release;
		};
		C400865B192C31330063B6E9 /* Build configuration list for PBXNativeTarget "captureApp" */ = {
			isa = XCConfigurationList;
			buildConfigurations = (
				C400865C192C31330063B6E9 /* Debug */,
				C400865D192C31330063B6E9 /* Release */,
			);
			defaultConfigurationIsVisible = 0;
			defaultConfigurationName = Release;
		};
		C400865E192C31330063B6E9 /* Build configuration list for PBXNativeTarget "captureAppTests" */ = {
			isa = XCConfigurationList;
			buildConfigurations = (
				C400865F192C31330063B6E9 /* Debug */,
				C4008660192C31330063B6E9 /* Release */,
			);
			defaultConfigurationIsVisible = 0;
			defaultConfigurationName = Release;
		};
/* End XCConfigurationList section */
	};
	rootObject = C400861E192C31320063B6E9 /* Project object */;
}
